
Microsoft Visual Studio Solution File, Format Version 12.00
# Visual Studio 14
VisualStudioVersion = 14.0.25420.1
MinimumVisualStudioVersion = 10.0.40219.1
Project("{FAE04EC0-301F-11D3-BF4B-00C04F79EFBC}") = "com.jiechengbao.entity", "co.jiechengbao.entity\com.jiechengbao.entity.csproj", "{E42735CA-2E36-4F6E-8169-4AC228BE9359}"
EndProject
Project("{FAE04EC0-301F-11D3-BF4B-00C04F79EFBC}") = "com.jiechengbao.dal", "com.jiechengbao.dal\com.jiechengbao.dal.csproj", "{435C1162-D8EA-4F2A-940E-D2CD088837E4}"
EndProject
Project("{FAE04EC0-301F-11D3-BF4B-00C04F79EFBC}") = "com.jiechengbao.bll", "com.jiechengbao.bll\com.jiechengbao.bll.csproj", "{2337BCA0-D5AB-40EA-907F-31B7BBF358A1}"
EndProject
Project("{FAE04EC0-301F-11D3-BF4B-00C04F79EFBC}") = "com.jiechengbao.Idal", "com.jiechengbao.Idal\com.jiechengbao.Idal.csproj", "{233DE5F9-A487-4634-BCA4-CF24A5C8EDEC}"
EndProject
Project("{FAE04EC0-301F-11D3-BF4B-00C04F79EFBC}") = "com.jiechengbao.Ibll", "com.jiechengbao.Ibll\com.jiechengbao.Ibll.csproj", "{B2ADF2C7-AADE-4996-A3E0-D1AA42C34C30}"
EndProject
Project("{FAE04EC0-301F-11D3-BF4B-00C04F79EFBC}") = "com.jiechengbao.admin", "com.jiechengbao.admin\com.jiechengbao.admin.csproj", "{13C27342-C440-4352-98E0-B73C909786ED}"
EndProject
Project("{FAE04EC0-301F-11D3-BF4B-00C04F79EFBC}") = "LogHelper", "..\LogHelper\LogHelper\LogHelper.csproj", "{E0ABDBBB-FCB3-4CD5-8A61-E06AF21844BE}"
EndProject
Project("{FAE04EC0-301F-11D3-BF4B-00C04F79EFBC}") = "com.jiechengbao.dataTest", "com.jiechengbao.dataTest\com.jiechengbao.dataTest.csproj", "{04A4D7C8-203C-4B2F-B465-78AC2907B898}"
EndProject
Project("{FAE04EC0-301F-11D3-BF4B-00C04F79EFBC}") = "com.jiechengbao.wx", "com.jiechengbao.wx\com.jiechengbao.wx.csproj", "{89EC439A-03E5-4A1B-B65E-C090B2B1AB76}"
EndProject
Project("{FAE04EC0-301F-11D3-BF4B-00C04F79EFBC}") = "com.jiechengbao.customerService", "com.jiechengbao.customerService\com.jiechengbao.customerService.csproj", "{EEB48F54-0DAE-49DC-8001-BD380993FF06}"
EndProject
Project("{FAE04EC0-301F-11D3-BF4B-00C04F79EFBC}") = "POPO.Picture.Helper", "..\个人类库\POPO.Picture.Helper\POPO.Picture.Helper.csproj", "{04EDC94C-6C84-43F4-A461-ABD84DA4843E}"
EndProject
Project("{FAE04EC0-301F-11D3-BF4B-00C04F79EFBC}") = "com.jiechengbao.common", "..\捷诚宝\com.jiechengbao.common\com.jiechengbao.common.csproj", "{8B193E36-A4F4-4504-87F2-32EB5C5C9352}"
EndProject
Project("{FAE04EC0-301F-11D3-BF4B-00C04F79EFBC}") = "ch.lib.common.QR", "..\MyLibrary\ch.lib.common.QR\ch.lib.common.QR.csproj", "{7EBBECA6-A1FB-4AE8-8BB9-9161FCD53377}"
EndProject
Project("{FAE04EC0-301F-11D3-BF4B-00C04F79EFBC}") = "POPO.ActionFilter.Helper", "..\个人类库\POPO.ActionFilter.Helper\POPO.ActionFilter.Helper.csproj", "{A7E6A98B-3717-4D59-92C5-4DB2E8F8812D}"
EndProject
Global
	GlobalSection(SolutionConfigurationPlatforms) = preSolution
		Debug|Any CPU = Debug|Any CPU
		Release|Any CPU = Release|Any CPU
	EndGlobalSection
	GlobalSection(ProjectConfigurationPlatforms) = postSolution
		{E42735CA-2E36-4F6E-8169-4AC228BE9359}.Debug|Any CPU.ActiveCfg = Debug|Any CPU
		{E42735CA-2E36-4F6E-8169-4AC228BE9359}.Debug|Any CPU.Build.0 = Debug|Any CPU
		{E42735CA-2E36-4F6E-8169-4AC228BE9359}.Release|Any CPU.ActiveCfg = Release|Any CPU
		{E42735CA-2E36-4F6E-8169-4AC228BE9359}.Release|Any CPU.Build.0 = Release|Any CPU
		{435C1162-D8EA-4F2A-940E-D2CD088837E4}.Debug|Any CPU.ActiveCfg = Debug|Any CPU
		{435C1162-D8EA-4F2A-940E-D2CD088837E4}.Debug|Any CPU.Build.0 = Debug|Any CPU
		{435C1162-D8EA-4F2A-940E-D2CD088837E4}.Release|Any CPU.ActiveCfg = Release|Any CPU
		{435C1162-D8EA-4F2A-940E-D2CD088837E4}.Release|Any CPU.Build.0 = Release|Any CPU
		{2337BCA0-D5AB-40EA-907F-31B7BBF358A1}.Debug|Any CPU.ActiveCfg = Debug|Any CPU
		{2337BCA0-D5AB-40EA-907F-31B7BBF358A1}.Debug|Any CPU.Build.0 = Debug|Any CPU
		{2337BCA0-D5AB-40EA-907F-31B7BBF358A1}.Release|Any CPU.ActiveCfg = Release|Any CPU
		{2337BCA0-D5AB-40EA-907F-31B7BBF358A1}.Release|Any CPU.Build.0 = Release|Any CPU
		{233DE5F9-A487-4634-BCA4-CF24A5C8EDEC}.Debug|Any CPU.ActiveCfg = Debug|Any CPU
		{233DE5F9-A487-4634-BCA4-CF24A5C8EDEC}.Debug|Any CPU.Build.0 = Debug|Any CPU
		{233DE5F9-A487-4634-BCA4-CF24A5C8EDEC}.Release|Any CPU.ActiveCfg = Release|Any CPU
		{233DE5F9-A487-4634-BCA4-CF24A5C8EDEC}.Release|Any CPU.Build.0 = Release|Any CPU
		{B2ADF2C7-AADE-4996-A3E0-D1AA42C34C30}.Debug|Any CPU.ActiveCfg = Debug|Any CPU
		{B2ADF2C7-AADE-4996-A3E0-D1AA42C34C30}.Debug|Any CPU.Build.0 = Debug|Any CPU
		{B2ADF2C7-AADE-4996-A3E0-D1AA42C34C30}.Release|Any CPU.ActiveCfg = Release|Any CPU
		{B2ADF2C7-AADE-4996-A3E0-D1AA42C34C30}.Release|Any CPU.Build.0 = Release|Any CPU
		{13C27342-C440-4352-98E0-B73C909786ED}.Debug|Any CPU.ActiveCfg = Debug|Any CPU
		{13C27342-C440-4352-98E0-B73C909786ED}.Debug|Any CPU.Build.0 = Debug|Any CPU
		{13C27342-C440-4352-98E0-B73C909786ED}.Release|Any CPU.ActiveCfg = Release|Any CPU
		{13C27342-C440-4352-98E0-B73C909786ED}.Release|Any CPU.Build.0 = Release|Any CPU
		{E0ABDBBB-FCB3-4CD5-8A61-E06AF21844BE}.Debug|Any CPU.ActiveCfg = Debug|Any CPU
		{E0ABDBBB-FCB3-4CD5-8A61-E06AF21844BE}.Debug|Any CPU.Build.0 = Debug|Any CPU
		{E0ABDBBB-FCB3-4CD5-8A61-E06AF21844BE}.Release|Any CPU.ActiveCfg = Release|Any CPU
		{E0ABDBBB-FCB3-4CD5-8A61-E06AF21844BE}.Release|Any CPU.Build.0 = Release|Any CPU
		{04A4D7C8-203C-4B2F-B465-78AC2907B898}.Debug|Any CPU.ActiveCfg = Debug|Any CPU
		{04A4D7C8-203C-4B2F-B465-78AC2907B898}.Debug|Any CPU.Build.0 = Debug|Any CPU
		{04A4D7C8-203C-4B2F-B465-78AC2907B898}.Release|Any CPU.ActiveCfg = Release|Any CPU
		{04A4D7C8-203C-4B2F-B465-78AC2907B898}.Release|Any CPU.Build.0 = Release|Any CPU
		{89EC439A-03E5-4A1B-B65E-C090B2B1AB76}.Debug|Any CPU.ActiveCfg = Debug|Any CPU
		{89EC439A-03E5-4A1B-B65E-C090B2B1AB76}.Debug|Any CPU.Build.0 = Debug|Any CPU
		{89EC439A-03E5-4A1B-B65E-C090B2B1AB76}.Release|Any CPU.ActiveCfg = Release|Any CPU
		{89EC439A-03E5-4A1B-B65E-C090B2B1AB76}.Release|Any CPU.Build.0 = Release|Any CPU
		{EEB48F54-0DAE-49DC-8001-BD380993FF06}.Debug|Any CPU.ActiveCfg = Debug|Any CPU
		{EEB48F54-0DAE-49DC-8001-BD380993FF06}.Debug|Any CPU.Build.0 = Debug|Any CPU
		{EEB48F54-0DAE-49DC-8001-BD380993FF06}.Release|Any CPU.ActiveCfg = Release|Any CPU
		{EEB48F54-0DAE-49DC-8001-BD380993FF06}.Release|Any CPU.Build.0 = Release|Any CPU
		{04EDC94C-6C84-43F4-A461-ABD84DA4843E}.Debug|Any CPU.ActiveCfg = Debug|Any CPU
		{04EDC94C-6C84-43F4-A461-ABD84DA4843E}.Debug|Any CPU.Build.0 = Debug|Any CPU
		{04EDC94C-6C84-43F4-A461-ABD84DA4843E}.Release|Any CPU.ActiveCfg = Release|Any CPU
		{04EDC94C-6C84-43F4-A461-ABD84DA4843E}.Release|Any CPU.Build.0 = Release|Any CPU
		{8B193E36-A4F4-4504-87F2-32EB5C5C9352}.Debug|Any CPU.ActiveCfg = Debug|Any CPU
		{8B193E36-A4F4-4504-87F2-32EB5C5C9352}.Debug|Any CPU.Build.0 = Debug|Any CPU
		{8B193E36-A4F4-4504-87F2-32EB5C5C9352}.Release|Any CPU.ActiveCfg = Release|Any CPU
		{8B193E36-A4F4-4504-87F2-32EB5C5C9352}.Release|Any CPU.Build.0 = Release|Any CPU
		{7EBBECA6-A1FB-4AE8-8BB9-9161FCD53377}.Debug|Any CPU.ActiveCfg = Debug|Any CPU
		{7EBBECA6-A1FB-4AE8-8BB9-9161FCD53377}.Debug|Any CPU.Build.0 = Debug|Any CPU
		{7EBBECA6-A1FB-4AE8-8BB9-9161FCD53377}.Release|Any CPU.ActiveCfg = Release|Any CPU
		{7EBBECA6-A1FB-4AE8-8BB9-9161FCD53377}.Release|Any CPU.Build.0 = Release|Any CPU
		{A7E6A98B-3717-4D59-92C5-4DB2E8F8812D}.Debug|Any CPU.ActiveCfg = Debug|Any CPU
		{A7E6A98B-3717-4D59-92C5-4DB2E8F8812D}.Debug|Any CPU.Build.0 = Debug|Any CPU
		{A7E6A98B-3717-4D59-92C5-4DB2E8F8812D}.Release|Any CPU.ActiveCfg = Release|Any CPU
		{A7E6A98B-3717-4D59-92C5-4DB2E8F8812D}.Release|Any CPU.Build.0 = Release|Any CPU
	EndGlobalSection
	GlobalSection(SolutionProperties) = preSolution
		HideSolutionNode = FALSE
	EndGlobalSection
EndGlobal
